
Microsoft Visual Studio Solution File, Format Version 12.00
# Visual Studio Version 17
VisualStudioVersion = 17.9.34714.143
MinimumVisualStudioVersion = 10.0.40219.1
Project("{54A90642-561A-4BB1-A94E-469ADEE60C69}") = "ims_frontend", "ims_frontend\ims_frontend.esproj", "{E0309E84-2A7D-4DE3-BAAD-ABF61CDAA4F3}"
EndProject
Global
	GlobalSection(SolutionConfigurationPlatforms) = preSolution
		Debug|Any CPU = Debug|Any CPU
		Release|Any CPU = Release|Any CPU
	EndGlobalSection
	GlobalSection(ProjectConfigurationPlatforms) = postSolution
		{E0309E84-2A7D-4DE3-BAAD-ABF61CDAA4F3}.Debug|Any CPU.ActiveCfg = Debug|Any CPU
		{E0309E84-2A7D-4DE3-BAAD-ABF61CDAA4F3}.Debug|Any CPU.Build.0 = Debug|Any CPU
		{E0309E84-2A7D-4DE3-BAAD-ABF61CDAA4F3}.Debug|Any CPU.Deploy.0 = Debug|Any CPU
		{E0309E84-2A7D-4DE3-BAAD-ABF61CDAA4F3}.Release|Any CPU.ActiveCfg = Release|Any CPU
		{E0309E84-2A7D-4DE3-BAAD-ABF61CDAA4F3}.Release|Any CPU.Build.0 = Release|Any CPU
		{E0309E84-2A7D-4DE3-BAAD-ABF61CDAA4F3}.Release|Any CPU.Deploy.0 = Release|Any CPU
	EndGlobalSection
	GlobalSection(SolutionProperties) = preSolution
		HideSolutionNode = FALSE
	EndGlobalSection
	GlobalSection(ExtensibilityGlobals) = postSolution
		SolutionGuid = {FB748945-6714-4052-A9D3-78B0830D8AF0}
	EndGlobalSection
EndGlobal
